
Microsoft Visual Studio Solution File, Format Version 12.00
# Visual Studio 15
VisualStudioVersion = 15.0.27130.2024
MinimumVisualStudioVersion = 10.0.40219.1
Project("{2150E333-8FDC-42A3-9474-1A3956D46DE8}") = "01 - UserSideAdapters", "01 - UserSideAdapters", "{39E37DDA-A30B-475E-9C1E-FEE25EDB745C}"
EndProject
Project("{2150E333-8FDC-42A3-9474-1A3956D46DE8}") = "02 - Api", "02 - Api", "{D59ADB87-6E01-444D-AA01-E522263A2DC2}"
EndProject
Project("{2150E333-8FDC-42A3-9474-1A3956D46DE8}") = "03 - Application", "03 - Application", "{6E74379D-36D8-4939-BB32-2E4909718512}"
EndProject
Project("{2150E333-8FDC-42A3-9474-1A3956D46DE8}") = "04 - Dependencies", "04 - Dependencies", "{E9C8D324-BF2A-4360-83FA-1E42A19CAA5D}"
EndProject
Project("{2150E333-8FDC-42A3-9474-1A3956D46DE8}") = "05 - DataSideAdapters", "05 - DataSideAdapters", "{434BC405-965C-4569-AD98-E0489F66AD08}"
EndProject
Project("{2150E333-8FDC-42A3-9474-1A3956D46DE8}") = "06 - Infrastructure", "06 - Infrastructure", "{2BC0EC60-598F-4289-94DB-E3AA439E0973}"
EndProject
Project("{FAE04EC0-301F-11D3-BF4B-00C04F79EFBC}") = "CarRental.Api", "CarRental.Api\CarRental.Api.csproj", "{853999C0-62D7-4AA1-BAAD-B98FED308370}"
EndProject
Project("{FAE04EC0-301F-11D3-BF4B-00C04F79EFBC}") = "CarRental.Domain", "CarRental.Domain\CarRental.Domain.csproj", "{7C6884C4-6491-497A-9C3B-69A6C209366F}"
EndProject
Project("{FAE04EC0-301F-11D3-BF4B-00C04F79EFBC}") = "CarRental.UseCases", "CarRental.UseCases\CarRental.UseCases.csproj", "{36B0BD9B-152E-4A53-975A-841136626C94}"
EndProject
Project("{FAE04EC0-301F-11D3-BF4B-00C04F79EFBC}") = "CarRental.RentalStorage", "CarRental.RentalStorage\CarRental.RentalStorage.csproj", "{560A4027-58F4-41AE-9CA9-D045A964587E}"
EndProject
Project("{FAE04EC0-301F-11D3-BF4B-00C04F79EFBC}") = "CarRental.RentalRepository", "CarRental.RentalRepository\CarRental.RentalRepository.csproj", "{7197D56A-1846-4463-8440-5F0DEE07E731}"
EndProject
Project("{FAE04EC0-301F-11D3-BF4B-00C04F79EFBC}") = "CarRental.ApplicationSettings", "CarRental.ApplicationSettings\CarRental.ApplicationSettings.csproj", "{6D5DE027-1947-4C31-9784-DAF0D5DD14E5}"
EndProject
Project("{FAE04EC0-301F-11D3-BF4B-00C04F79EFBC}") = "CarRental.UseCaseTestAdapter", "CarRental.UseCaseTests\CarRental.UseCaseTestAdapter.csproj", "{F832F6F4-2CA4-48E0-958F-C2F762153AB8}"
EndProject
Project("{FAE04EC0-301F-11D3-BF4B-00C04F79EFBC}") = "CarRental.Dependencies", "CarRental.Dependencies\CarRental.Dependencies.csproj", "{92D9FD31-65B9-495C-AD32-487CE12555C0}"
EndProject
Project("{FAE04EC0-301F-11D3-BF4B-00C04F79EFBC}") = "CarRental.ApplicationSettingsRepository", "CarRental.ApplicationSettingsRepository\CarRental.ApplicationSettingsRepository.csproj", "{C8BFB1D9-11C6-4792-80BE-1B294E19BE1C}"
EndProject
Global
	GlobalSection(SolutionConfigurationPlatforms) = preSolution
		Debug|Any CPU = Debug|Any CPU
		Release|Any CPU = Release|Any CPU
	EndGlobalSection
	GlobalSection(ProjectConfigurationPlatforms) = postSolution
		{853999C0-62D7-4AA1-BAAD-B98FED308370}.Debug|Any CPU.ActiveCfg = Debug|Any CPU
		{853999C0-62D7-4AA1-BAAD-B98FED308370}.Debug|Any CPU.Build.0 = Debug|Any CPU
		{853999C0-62D7-4AA1-BAAD-B98FED308370}.Release|Any CPU.ActiveCfg = Release|Any CPU
		{853999C0-62D7-4AA1-BAAD-B98FED308370}.Release|Any CPU.Build.0 = Release|Any CPU
		{7C6884C4-6491-497A-9C3B-69A6C209366F}.Debug|Any CPU.ActiveCfg = Debug|Any CPU
		{7C6884C4-6491-497A-9C3B-69A6C209366F}.Debug|Any CPU.Build.0 = Debug|Any CPU
		{7C6884C4-6491-497A-9C3B-69A6C209366F}.Release|Any CPU.ActiveCfg = Release|Any CPU
		{7C6884C4-6491-497A-9C3B-69A6C209366F}.Release|Any CPU.Build.0 = Release|Any CPU
		{36B0BD9B-152E-4A53-975A-841136626C94}.Debug|Any CPU.ActiveCfg = Debug|Any CPU
		{36B0BD9B-152E-4A53-975A-841136626C94}.Debug|Any CPU.Build.0 = Debug|Any CPU
		{36B0BD9B-152E-4A53-975A-841136626C94}.Release|Any CPU.ActiveCfg = Release|Any CPU
		{36B0BD9B-152E-4A53-975A-841136626C94}.Release|Any CPU.Build.0 = Release|Any CPU
		{560A4027-58F4-41AE-9CA9-D045A964587E}.Debug|Any CPU.ActiveCfg = Debug|Any CPU
		{560A4027-58F4-41AE-9CA9-D045A964587E}.Debug|Any CPU.Build.0 = Debug|Any CPU
		{560A4027-58F4-41AE-9CA9-D045A964587E}.Release|Any CPU.ActiveCfg = Release|Any CPU
		{560A4027-58F4-41AE-9CA9-D045A964587E}.Release|Any CPU.Build.0 = Release|Any CPU
		{7197D56A-1846-4463-8440-5F0DEE07E731}.Debug|Any CPU.ActiveCfg = Debug|Any CPU
		{7197D56A-1846-4463-8440-5F0DEE07E731}.Debug|Any CPU.Build.0 = Debug|Any CPU
		{7197D56A-1846-4463-8440-5F0DEE07E731}.Release|Any CPU.ActiveCfg = Release|Any CPU
		{7197D56A-1846-4463-8440-5F0DEE07E731}.Release|Any CPU.Build.0 = Release|Any CPU
		{6D5DE027-1947-4C31-9784-DAF0D5DD14E5}.Debug|Any CPU.ActiveCfg = Debug|Any CPU
		{6D5DE027-1947-4C31-9784-DAF0D5DD14E5}.Debug|Any CPU.Build.0 = Debug|Any CPU
		{6D5DE027-1947-4C31-9784-DAF0D5DD14E5}.Release|Any CPU.ActiveCfg = Release|Any CPU
		{6D5DE027-1947-4C31-9784-DAF0D5DD14E5}.Release|Any CPU.Build.0 = Release|Any CPU
		{F832F6F4-2CA4-48E0-958F-C2F762153AB8}.Debug|Any CPU.ActiveCfg = Debug|Any CPU
		{F832F6F4-2CA4-48E0-958F-C2F762153AB8}.Debug|Any CPU.Build.0 = Debug|Any CPU
		{F832F6F4-2CA4-48E0-958F-C2F762153AB8}.Release|Any CPU.ActiveCfg = Release|Any CPU
		{F832F6F4-2CA4-48E0-958F-C2F762153AB8}.Release|Any CPU.Build.0 = Release|Any CPU
		{92D9FD31-65B9-495C-AD32-487CE12555C0}.Debug|Any CPU.ActiveCfg = Debug|Any CPU
		{92D9FD31-65B9-495C-AD32-487CE12555C0}.Debug|Any CPU.Build.0 = Debug|Any CPU
		{92D9FD31-65B9-495C-AD32-487CE12555C0}.Release|Any CPU.ActiveCfg = Release|Any CPU
		{92D9FD31-65B9-495C-AD32-487CE12555C0}.Release|Any CPU.Build.0 = Release|Any CPU
		{C8BFB1D9-11C6-4792-80BE-1B294E19BE1C}.Debug|Any CPU.ActiveCfg = Debug|Any CPU
		{C8BFB1D9-11C6-4792-80BE-1B294E19BE1C}.Debug|Any CPU.Build.0 = Debug|Any CPU
		{C8BFB1D9-11C6-4792-80BE-1B294E19BE1C}.Release|Any CPU.ActiveCfg = Release|Any CPU
		{C8BFB1D9-11C6-4792-80BE-1B294E19BE1C}.Release|Any CPU.Build.0 = Release|Any CPU
	EndGlobalSection
	GlobalSection(SolutionProperties) = preSolution
		HideSolutionNode = FALSE
	EndGlobalSection
	GlobalSection(NestedProjects) = preSolution
		{853999C0-62D7-4AA1-BAAD-B98FED308370} = {D59ADB87-6E01-444D-AA01-E522263A2DC2}
		{7C6884C4-6491-497A-9C3B-69A6C209366F} = {6E74379D-36D8-4939-BB32-2E4909718512}
		{36B0BD9B-152E-4A53-975A-841136626C94} = {6E74379D-36D8-4939-BB32-2E4909718512}
		{560A4027-58F4-41AE-9CA9-D045A964587E} = {E9C8D324-BF2A-4360-83FA-1E42A19CAA5D}
		{7197D56A-1846-4463-8440-5F0DEE07E731} = {434BC405-965C-4569-AD98-E0489F66AD08}
		{6D5DE027-1947-4C31-9784-DAF0D5DD14E5} = {E9C8D324-BF2A-4360-83FA-1E42A19CAA5D}
		{F832F6F4-2CA4-48E0-958F-C2F762153AB8} = {39E37DDA-A30B-475E-9C1E-FEE25EDB745C}
		{92D9FD31-65B9-495C-AD32-487CE12555C0} = {2BC0EC60-598F-4289-94DB-E3AA439E0973}
		{C8BFB1D9-11C6-4792-80BE-1B294E19BE1C} = {434BC405-965C-4569-AD98-E0489F66AD08}
	EndGlobalSection
	GlobalSection(ExtensibilityGlobals) = postSolution
		SolutionGuid = {AE100E0A-FB68-4B19-82BE-6A3C1BA51384}
	EndGlobalSection
EndGlobal
